// !$*UTF8*$!
{
	archiveVersion = 1;
	classes = {
	};
	objectVersion = 50;
	objects = {

/* Begin PBXBuildFile section */
		84BD10EC22DB3A0800E2E300 /* AppDelegate.swift in Sources */ = {isa = PBXBuildFile; fileRef = 84BD10EB22DB3A0800E2E300 /* AppDelegate.swift */; };
		84BD10EE22DB3A0800E2E300 /* ViewController.swift in Sources */ = {isa = PBXBuildFile; fileRef = 84BD10ED22DB3A0800E2E300 /* ViewController.swift */; };
		84BD10F122DB3A0800E2E300 /* Main.storyboard in Resources */ = {isa = PBXBuildFile; fileRef = 84BD10EF22DB3A0800E2E300 /* Main.storyboard */; };
		84BD10F422DB3A0800E2E300 /* My_Wallet.xcdatamodeld in Sources */ = {isa = PBXBuildFile; fileRef = 84BD10F222DB3A0800E2E300 /* My_Wallet.xcdatamodeld */; };
		84BD10F622DB3A0B00E2E300 /* Assets.xcassets in Resources */ = {isa = PBXBuildFile; fileRef = 84BD10F522DB3A0B00E2E300 /* Assets.xcassets */; };
		84BD10F922DB3A0B00E2E300 /* LaunchScreen.storyboard in Resources */ = {isa = PBXBuildFile; fileRef = 84BD10F722DB3A0B00E2E300 /* LaunchScreen.storyboard */; };
/* End PBXBuildFile section */

/* Begin PBXFileReference section */
		84BD10E822DB3A0800E2E300 /* My Wallet.app */ = {isa = PBXFileReference; explicitFileType = wrapper.application; includeInIndex = 0; path = "My Wallet.app"; sourceTree = BUILT_PRODUCTS_DIR; };
		84BD10EB22DB3A0800E2E300 /* AppDelegate.swift */ = {isa = PBXFileReference; lastKnownFileType = sourcecode.swift; path = AppDelegate.swift; sourceTree = "<group>"; };
		84BD10ED22DB3A0800E2E300 /* ViewController.swift */ = {isa = PBXFileReference; lastKnownFileType = sourcecode.swift; path = ViewController.swift; sourceTree = "<group>"; };
		84BD10F022DB3A0800E2E300 /* Base */ = {isa = PBXFileReference; lastKnownFileType = file.storyboard; name = Base; path = Base.lproj/Main.storyboard; sourceTree = "<group>"; };
		84BD10F322DB3A0800E2E300 /* My_Wallet.xcdatamodel */ = {isa = PBXFileReference; lastKnownFileType = wrapper.xcdatamodel; path = My_Wallet.xcdatamodel; sourceTree = "<group>"; };
		84BD10F522DB3A0B00E2E300 /* Assets.xcassets */ = {isa = PBXFileReference; lastKnownFileType = folder.assetcatalog; path = Assets.xcassets; sourceTree = "<group>"; };
		84BD10F822DB3A0B00E2E300 /* Base */ = {isa = PBXFileReference; lastKnownFileType = file.storyboard; name = Base; path = Base.lproj/LaunchScreen.storyboard; sourceTree = "<group>"; };
		84BD10FA22DB3A0B00E2E300 /* Info.plist */ = {isa = PBXFileReference; lastKnownFileType = text.plist.xml; path = Info.plist; sourceTree = "<group>"; };
/* End PBXFileReference section */

/* Begin PBXFrameworksBuildPhase section */
		84BD10E522DB3A0800E2E300 /* Frameworks */ = {
			isa = PBXFrameworksBuildPhase;
			buildActionMask = 2147483647;
			files = (
			);
			runOnlyForDeploymentPostprocessing = 0;
		};
/* End PBXFrameworksBuildPhase section */

/* Begin PBXGroup section */
		84BD10DF22DB3A0800E2E300 = {
			isa = PBXGroup;
			children = (
				84BD10EA22DB3A0800E2E300 /* My Wallet */,
				84BD10E922DB3A0800E2E300 /* Products */,
			);
			sourceTree = "<group>";
		};
		84BD10E922DB3A0800E2E300 /* Products */ = {
			isa = PBXGroup;
			children = (
				84BD10E822DB3A0800E2E300 /* My Wallet.app */,
			);
			name = Products;
			sourceTree = "<group>";
		};
		84BD10EA22DB3A0800E2E300 /* My Wallet */ = {
			isa = PBXGroup;
			children = (
				84BD10EB22DB3A0800E2E300 /* AppDelegate.swift */,
				84BD10ED22DB3A0800E2E300 /* ViewController.swift */,
				84BD10EF22DB3A0800E2E300 /* Main.storyboard */,
				84BD10F522DB3A0B00E2E300 /* Assets.xcassets */,
				84BD10F722DB3A0B00E2E300 /* LaunchScreen.storyboard */,
				84BD10FA22DB3A0B00E2E300 /* Info.plist */,
				84BD10F222DB3A0800E2E300 /* My_Wallet.xcdatamodeld */,
			);
			path = "My Wallet";
			sourceTree = "<group>";
		};
/* End PBXGroup section */

/* Begin PBXNativeTarget section */
		84BD10E722DB3A0800E2E300 /* My Wallet */ = {
			isa = PBXNativeTarget;
			buildConfigurationList = 84BD10FD22DB3A0B00E2E300 /* Build configuration list for PBXNativeTarget "My Wallet" */;
			buildPhases = (
				84BD10E422DB3A0800E2E300 /* Sources */,
				84BD10E522DB3A0800E2E300 /* Frameworks */,
				84BD10E622DB3A0800E2E300 /* Resources */,
			);
			buildRules = (
			);
			dependencies = (
			);
			name = "My Wallet";
			productName = "My Wallet";
			productReference = 84BD10E822DB3A0800E2E300 /* My Wallet.app */;
			productType = "com.apple.product-type.application";
		};
/* End PBXNativeTarget section */

/* Begin PBXProject section */
		84BD10E022DB3A0800E2E300 /* Project object */ = {
			isa = PBXProject;
			attributes = {
				LastSwiftUpdateCheck = 1010;
				LastUpgradeCheck = 1010;
				ORGANIZATIONNAME = "Mostafa Ali";
				TargetAttributes = {
					84BD10E722DB3A0800E2E300 = {
						CreatedOnToolsVersion = 10.1;
					};
				};
			};
			buildConfigurationList = 84BD10E322DB3A0800E2E300 /* Build configuration list for PBXProject "My Wallet" */;
			compatibilityVersion = "Xcode 9.3";
			developmentRegion = en;
			hasScannedForEncodings = 0;
			knownRegions = (
				en,
				Base,
			);
			mainGroup = 84BD10DF22DB3A0800E2E300;
			productRefGroup = 84BD10E922DB3A0800E2E300 /* Products */;
			projectDirPath = "";
			projectRoot = "";
			targets = (
				84BD10E722DB3A0800E2E300 /* My Wallet */,
			);
		};
/* End PBXProject section */

/* Begin PBXResourcesBuildPhase section */
		84BD10E622DB3A0800E2E300 /* Resources */ = {
			isa = PBXResourcesBuildPhase;
			buildActionMask = 2147483647;
			files = (
				84BD10F922DB3A0B00E2E300 /* LaunchScreen.storyboard in Resources */,
				84BD10F622DB3A0B00E2E300 /* Assets.xcassets in Resources */,
				84BD10F122DB3A0800E2E300 /* Main.storyboard in Resources */,
			);
			runOnlyForDeploymentPostprocessing = 0;
		};
/* End PBXResourcesBuildPhase section */

/* Begin PBXSourcesBuildPhase section */
		84BD10E422DB3A0800E2E300 /* Sources */ = {
			isa = PBXSourcesBuildPhase;
			buildActionMask = 2147483647;
			files = (
				84BD10F422DB3A0800E2E300 /* My_Wallet.xcdatamodeld in Sources */,
				84BD10EE22DB3A0800E2E300 /* ViewController.swift in Sources */,
				84BD10EC22DB3A0800E2E300 /* AppDelegate.swift in Sources */,
			);
			runOnlyForDeploymentPostprocessing = 0;
		};
/* End PBXSourcesBuildPhase section */

/* Begin PBXVariantGroup section */
		84BD10EF22DB3A0800E2E300 /* Main.storyboard */ = {
			isa = PBXVariantGroup;
			children = (
				84BD10F022DB3A0800E2E300 /* Base */,
			);
			name = Main.storyboard;
			sourceTree = "<group>";
		};
		84BD10F722DB3A0B00E2E300 /* LaunchScreen.storyboard */ = {
			isa = PBXVariantGroup;
			children = (
				84BD10F822DB3A0B00E2E300 /* Base */,
			);
			name = LaunchScreen.storyboard;
			sourceTree = "<group>";
		};
/* End PBXVariantGroup section */

/* Begin XCBuildConfiguration section */
		84BD10FB22DB3A0B00E2E300 /* Debug */ = {
			isa = XCBuildConfiguration;
			buildSettings = {
				ALWAYS_SEARCH_USER_PATHS = NO;
				CLANG_ANALYZER_NONNULL = YES;
				CLANG_ANALYZER_NUMBER_OBJECT_CONVERSION = YES_AGGRESSIVE;
				CLANG_CXX_LANGUAGE_STANDARD = "gnu++14";
				CLANG_CXX_LIBRARY = "libc++";
				CLANG_ENABLE_MODULES = YES;
				CLANG_ENABLE_OBJC_ARC = YES;
				CLANG_ENABLE_OBJC_WEAK = YES;
				CLANG_WARN_BLOCK_CAPTURE_AUTORELEASING = YES;
				CLANG_WARN_BOOL_CONVERSION = YES;
				CLANG_WARN_COMMA = YES;
				CLANG_WARN_CONSTANT_CONVERSION = YES;
				CLANG_WARN_DEPRECATED_OBJC_IMPLEMENTATIONS = YES;
				CLANG_WARN_DIRECT_OBJC_ISA_USAGE = YES_ERROR;
				CLANG_WARN_DOCUMENTATION_COMMENTS = YES;
				CLANG_WARN_EMPTY_BODY = YES;
				CLANG_WARN_ENUM_CONVERSION = YES;
				CLANG_WARN_INFINITE_RECURSION = YES;
				CLANG_WARN_INT_CONVERSION = YES;
				CLANG_WARN_NON_LITERAL_NULL_CONVERSION = YES;
				CLANG_WARN_OBJC_IMPLICIT_RETAIN_SELF = YES;
				CLANG_WARN_OBJC_LITERAL_CONVERSION = YES;
				CLANG_WARN_OBJC_ROOT_CLASS = YES_ERROR;
				CLANG_WARN_RANGE_LOOP_ANALYSIS = YES;
				CLANG_WARN_STRICT_PROTOTYPES = YES;
				CLANG_WARN_SUSPICIOUS_MOVE = YES;
				CLANG_WARN_UNGUARDED_AVAILABILITY = YES_AGGRESSIVE;
				CLANG_WARN_UNREACHABLE_CODE = YES;
				CLANG_WARN__DUPLICATE_METHOD_MATCH = YES;
				CODE_SIGN_IDENTITY = "iPhone Developer";
				COPY_PHASE_STRIP = NO;
				DEBUG_INFORMATION_FORMAT = dwarf;
				ENABLE_STRICT_OBJC_MSGSEND = YES;
				ENABLE_TESTABILITY = YES;
				GCC_C_LANGUAGE_STANDARD = gnu11;
				GCC_DYNAMIC_NO_PIC = NO;
				GCC_NO_COMMON_BLOCKS = YES;
				GCC_OPTIMIZATION_LEVEL = 0;
				GCC_PREPROCESSOR_DEFINITIONS = (
					"DEBUG=1",
					"$(inherited)",
				);
				GCC_WARN_64_TO_32_BIT_CONVERSION = YES;
				GCC_WARN_ABOUT_RETURN_TYPE = YES_ERROR;
				GCC_WARN_UNDECLARED_SELECTOR = YES;
				GCC_WARN_UNINITIALIZED_AUTOS = YES_AGGRESSIVE;
				GCC_WARN_UNUSED_FUNCTION = YES;
				GCC_WARN_UNUSED_VARIABLE = YES;
				IPHONEOS_DEPLOYMENT_TARGET = 12.1;
				MTL_ENABLE_DEBUG_INFO = INCLUDE_SOURCE;
				MTL_FAST_MATH = YES;
				ONLY_ACTIVE_ARCH = YES;
				SDKROOT = iphoneos;
				SWIFT_ACTIVE_COMPILATION_CONDITIONS = DEBUG;
				SWIFT_OPTIMIZATION_LEVEL = "-Onone";
			};
			name = Debug;
		};
		84BD10FC22DB3A0B00E2E300 /* Release */ = {
			isa = XCBuildConfiguration;
			buildSettings = {
				ALWAYS_SEARCH_USER_PATHS = NO;
				CLANG_ANALYZER_NONNULL = YES;
				CLANG_ANALYZER_NUMBER_OBJECT_CONVERSION = YES_AGGRESSIVE;
				CLANG_CXX_LANGUAGE_STANDARD = "gnu++14";
				CLANG_CXX_LIBRARY = "libc++";
				CLANG_ENABLE_MODULES = YES;
				CLANG_ENABLE_OBJC_ARC = YES;
				CLANG_ENABLE_OBJC_WEAK = YES;
				CLANG_WARN_BLOCK_CAPTURE_AUTORELEASING = YES;
				CLANG_WARN_BOOL_CONVERSION = YES;
				CLANG_WARN_COMMA = YES;
				CLANG_WARN_CONSTANT_CONVERSION = YES;
				CLANG_WARN_DEPRECATED_OBJC_IMPLEMENTATIONS = YES;
				CLANG_WARN_DIRECT_OBJC_ISA_USAGE = YES_ERROR;
				CLANG_WARN_DOCUMENTATION_COMMENTS = YES;
				CLANG_WARN_EMPTY_BODY = YES;
				CLANG_WARN_ENUM_CONVERSION = YES;
				CLANG_WARN_INFINITE_RECURSION = YES;
				CLANG_WARN_INT_CONVERSION = YES;
				CLANG_WARN_NON_LITERAL_NULL_CONVERSION = YES;
				CLANG_WARN_OBJC_IMPLICIT_RETAIN_SELF = YES;
				CLANG_WARN_OBJC_LITERAL_CONVERSION = YES;
				CLANG_WARN_OBJC_ROOT_CLASS = YES_ERROR;
				CLANG_WARN_RANGE_LOOP_ANALYSIS = YES;
				CLANG_WARN_STRICT_PROTOTYPES = YES;
				CLANG_WARN_SUSPICIOUS_MOVE = YES;
				CLANG_WARN_UNGUARDED_AVAILABILITY = YES_AGGRESSIVE;
				CLANG_WARN_UNREACHABLE_CODE = YES;
				CLANG_WARN__DUPLICATE_METHOD_MATCH = YES;
				CODE_SIGN_IDENTITY = "iPhone Developer";
				COPY_PHASE_STRIP = NO;
				DEBUG_INFORMATION_FORMAT = "dwarf-with-dsym";
				ENABLE_NS_ASSERTIONS = NO;
				ENABLE_STRICT_OBJC_MSGSEND = YES;
				GCC_C_LANGUAGE_STANDARD = gnu11;
				GCC_NO_COMMON_BLOCKS = YES;
				GCC_WARN_64_TO_32_BIT_CONVERSION = YES;
				GCC_WARN_ABOUT_RETURN_TYPE = YES_ERROR;
				GCC_WARN_UNDECLARED_SELECTOR = YES;
				GCC_WARN_UNINITIALIZED_AUTOS = YES_AGGRESSIVE;
				GCC_WARN_UNUSED_FUNCTION = YES;
				GCC_WARN_UNUSED_VARIABLE = YES;
				IPHONEOS_DEPLOYMENT_TARGET = 12.1;
				MTL_ENABLE_DEBUG_INFO = NO;
				MTL_FAST_MATH = YES;
				SDKROOT = iphoneos;
				SWIFT_COMPILATION_MODE = wholemodule;
				SWIFT_OPTIMIZATION_LEVEL = "-O";
				VALIDATE_PRODUCT = YES;
			};
			name = Release;
		};
		84BD10FE22DB3A0B00E2E300 /* Debug */ = {
			isa = XCBuildConfiguration;
			buildSettings = {
				ASSETCATALOG_COMPILER_APPICON_NAME = AppIcon;
				CODE_SIGN_STYLE = Automatic;
				INFOPLIST_FILE = "My Wallet/Info.plist";
				LD_RUNPATH_SEARCH_PATHS = (
					"$(inherited)",
					"@executable_path/Frameworks",
				);
				PRODUCT_BUNDLE_IDENTIFIER = "trainning.My-Wallet";
				PRODUCT_NAME = "$(TARGET_NAME)";
				SWIFT_VERSION = 4.2;
				TARGETED_DEVICE_FAMILY = "1,2";
			};
			name = Debug;
		};
		84BD10FF22DB3A0B00E2E300 /* Release */ = {
			isa = XCBuildConfiguration;
			buildSettings = {
				ASSETCATALOG_COMPILER_APPICON_NAME = AppIcon;
				CODE_SIGN_STYLE = Automatic;
				INFOPLIST_FILE = "My Wallet/Info.plist";
				LD_RUNPATH_SEARCH_PATHS = (
					"$(inherited)",
					"@executable_path/Frameworks",
				);
				PRODUCT_BUNDLE_IDENTIFIER = "trainning.My-Wallet";
				PRODUCT_NAME = "$(TARGET_NAME)";
				SWIFT_VERSION = 4.2;
				TARGETED_DEVICE_FAMILY = "1,2";
			};
			name = Release;
		};
/* End XCBuildConfiguration section */

/* Begin XCConfigurationList section */
		84BD10E322DB3A0800E2E300 /* Build configuration list for PBXProject "My Wallet" */ = {
			isa = XCConfigurationList;
			buildConfigurations = (
				84BD10FB22DB3A0B00E2E300 /* Debug */,
				84BD10FC22DB3A0B00E2E300 /* Release */,
			);
			defaultConfigurationIsVisible = 0;
			defaultConfigurationName = Release;
		};
		84BD10FD22DB3A0B00E2E300 /* Build configuration list for PBXNativeTarget "My Wallet" */ = {
			isa = XCConfigurationList;
			buildConfigurations = (
				84BD10FE22DB3A0B00E2E300 /* Debug */,
				84BD10FF22DB3A0B00E2E300 /* Release */,
			);
			defaultConfigurationIsVisible = 0;
			defaultConfigurationName = Release;
		};
/* End XCConfigurationList section */

/* Begin XCVersionGroup section */
		84BD10F222DB3A0800E2E300 /* My_Wallet.xcdatamodeld */ = {
			isa = XCVersionGroup;
			children = (
				84BD10F322DB3A0800E2E300 /* My_Wallet.xcdatamodel */,
			);
			currentVersion = 84BD10F322DB3A0800E2E300 /* My_Wallet.xcdatamodel */;
			path = My_Wallet.xcdatamodeld;
			sourceTree = "<group>";
			versionGroupType = wrapper.xcdatamodel;
		};
/* End XCVersionGroup section */
	};
	rootObject = 84BD10E022DB3A0800E2E300 /* Project object */;
}
